// !$*UTF8*$!
{
	archiveVersion = 1;
	classes = {
	};
	objectVersion = 50;
	objects = {

/* Begin PBXBuildFile section */
		B13A9091273A1FAF003DE67D /* AppDelegate.swift in Sources */ = {isa = PBXBuildFile; fileRef = B13A9090273A1FAF003DE67D /* AppDelegate.swift */; };
		B13A9093273A1FAF003DE67D /* SceneDelegate.swift in Sources */ = {isa = PBXBuildFile; fileRef = B13A9092273A1FAF003DE67D /* SceneDelegate.swift */; };
		B13A9095273A1FAF003DE67D /* ViewController.swift in Sources */ = {isa = PBXBuildFile; fileRef = B13A9094273A1FAF003DE67D /* ViewController.swift */; };
		B13A9098273A1FAF003DE67D /* Main.storyboard in Resources */ = {isa = PBXBuildFile; fileRef = B13A9096273A1FAF003DE67D /* Main.storyboard */; };
		B13A909A273A1FB7003DE67D /* Assets.xcassets in Resources */ = {isa = PBXBuildFile; fileRef = B13A9099273A1FB7003DE67D /* Assets.xcassets */; };
		B13A909D273A1FB7003DE67D /* LaunchScreen.storyboard in Resources */ = {isa = PBXBuildFile; fileRef = B13A909B273A1FB7003DE67D /* LaunchScreen.storyboard */; };
		B13A90A8273A1FB7003DE67D /* PreworkTests.swift in Sources */ = {isa = PBXBuildFile; fileRef = B13A90A7273A1FB7003DE67D /* PreworkTests.swift */; };
		B13A90B3273A1FB7003DE67D /* PreworkUITests.swift in Sources */ = {isa = PBXBuildFile; fileRef = B13A90B2273A1FB7003DE67D /* PreworkUITests.swift */; };
/* End PBXBuildFile section */

/* Begin PBXContainerItemProxy section */
		B13A90A4273A1FB7003DE67D /* PBXContainerItemProxy */ = {
			isa = PBXContainerItemProxy;
			containerPortal = B13A9085273A1FAF003DE67D /* Project object */;
			proxyType = 1;
			remoteGlobalIDString = B13A908C273A1FAF003DE67D;
			remoteInfo = Prework;
		};
		B13A90AF273A1FB7003DE67D /* PBXContainerItemProxy */ = {
			isa = PBXContainerItemProxy;
			containerPortal = B13A9085273A1FAF003DE67D /* Project object */;
			proxyType = 1;
			remoteGlobalIDString = B13A908C273A1FAF003DE67D;
			remoteInfo = Prework;
		};
/* End PBXContainerItemProxy section */

/* Begin PBXFileReference section */
		B13A908D273A1FAF003DE67D /* Prework.app */ = {isa = PBXFileReference; explicitFileType = wrapper.application; includeInIndex = 0; path = Prework.app; sourceTree = BUILT_PRODUCTS_DIR; };
		B13A9090273A1FAF003DE67D /* AppDelegate.swift */ = {isa = PBXFileReference; lastKnownFileType = sourcecode.swift; path = AppDelegate.swift; sourceTree = "<group>"; };
		B13A9092273A1FAF003DE67D /* SceneDelegate.swift */ = {isa = PBXFileReference; lastKnownFileType = sourcecode.swift; path = SceneDelegate.swift; sourceTree = "<group>"; };
		B13A9094273A1FAF003DE67D /* ViewController.swift */ = {isa = PBXFileReference; lastKnownFileType = sourcecode.swift; path = ViewController.swift; sourceTree = "<group>"; };
		B13A9097273A1FAF003DE67D /* Base */ = {isa = PBXFileReference; lastKnownFileType = file.storyboard; name = Base; path = Base.lproj/Main.storyboard; sourceTree = "<group>"; };
		B13A9099273A1FB7003DE67D /* Assets.xcassets */ = {isa = PBXFileReference; lastKnownFileType = folder.assetcatalog; path = Assets.xcassets; sourceTree = "<group>"; };
		B13A909C273A1FB7003DE67D /* Base */ = {isa = PBXFileReference; lastKnownFileType = file.storyboard; name = Base; path = Base.lproj/LaunchScreen.storyboard; sourceTree = "<group>"; };
		B13A909E273A1FB7003DE67D /* Info.plist */ = {isa = PBXFileReference; lastKnownFileType = text.plist.xml; path = Info.plist; sourceTree = "<group>"; };
		B13A90A3273A1FB7003DE67D /* PreworkTests.xctest */ = {isa = PBXFileReference; explicitFileType = wrapper.cfbundle; includeInIndex = 0; path = PreworkTests.xctest; sourceTree = BUILT_PRODUCTS_DIR; };
		B13A90A7273A1FB7003DE67D /* PreworkTests.swift */ = {isa = PBXFileReference; lastKnownFileType = sourcecode.swift; path = PreworkTests.swift; sourceTree = "<group>"; };
		B13A90A9273A1FB7003DE67D /* Info.plist */ = {isa = PBXFileReference; lastKnownFileType = text.plist.xml; path = Info.plist; sourceTree = "<group>"; };
		B13A90AE273A1FB7003DE67D /* PreworkUITests.xctest */ = {isa = PBXFileReference; explicitFileType = wrapper.cfbundle; includeInIndex = 0; path = PreworkUITests.xctest; sourceTree = BUILT_PRODUCTS_DIR; };
		B13A90B2273A1FB7003DE67D /* PreworkUITests.swift */ = {isa = PBXFileReference; lastKnownFileType = sourcecode.swift; path = PreworkUITests.swift; sourceTree = "<group>"; };
		B13A90B4273A1FB7003DE67D /* Info.plist */ = {isa = PBXFileReference; lastKnownFileType = text.plist.xml; path = Info.plist; sourceTree = "<group>"; };
/* End PBXFileReference section */

/* Begin PBXFrameworksBuildPhase section */
		B13A908A273A1FAF003DE67D /* Frameworks */ = {
			isa = PBXFrameworksBuildPhase;
			buildActionMask = 2147483647;
			files = (
			);
			runOnlyForDeploymentPostprocessing = 0;
		};
		B13A90A0273A1FB7003DE67D /* Frameworks */ = {
			isa = PBXFrameworksBuildPhase;
			buildActionMask = 2147483647;
			files = (
			);
			runOnlyForDeploymentPostprocessing = 0;
		};
		B13A90AB273A1FB7003DE67D /* Frameworks */ = {
			isa = PBXFrameworksBuildPhase;
			buildActionMask = 2147483647;
			files = (
			);
			runOnlyForDeploymentPostprocessing = 0;
		};
/* End PBXFrameworksBuildPhase section */

/* Begin PBXGroup section */
		B13A9084273A1FAF003DE67D = {
			isa = PBXGroup;
			children = (
				B13A908F273A1FAF003DE67D /* Prework */,
				B13A90A6273A1FB7003DE67D /* PreworkTests */,
				B13A90B1273A1FB7003DE67D /* PreworkUITests */,
				B13A908E273A1FAF003DE67D /* Products */,
			);
			sourceTree = "<group>";
		};
		B13A908E273A1FAF003DE67D /* Products */ = {
			isa = PBXGroup;
			children = (
				B13A908D273A1FAF003DE67D /* Prework.app */,
				B13A90A3273A1FB7003DE67D /* PreworkTests.xctest */,
				B13A90AE273A1FB7003DE67D /* PreworkUITests.xctest */,
			);
			name = Products;
			sourceTree = "<group>";
		};
		B13A908F273A1FAF003DE67D /* Prework */ = {
			isa = PBXGroup;
			children = (
				B13A9090273A1FAF003DE67D /* AppDelegate.swift */,
				B13A9092273A1FAF003DE67D /* SceneDelegate.swift */,
				B13A9094273A1FAF003DE67D /* ViewController.swift */,
				B13A9096273A1FAF003DE67D /* Main.storyboard */,
				B13A9099273A1FB7003DE67D /* Assets.xcassets */,
				B13A909B273A1FB7003DE67D /* LaunchScreen.storyboard */,
				B13A909E273A1FB7003DE67D /* Info.plist */,
			);
			path = Prework;
			sourceTree = "<group>";
		};
		B13A90A6273A1FB7003DE67D /* PreworkTests */ = {
			isa = PBXGroup;
			children = (
				B13A90A7273A1FB7003DE67D /* PreworkTests.swift */,
				B13A90A9273A1FB7003DE67D /* Info.plist */,
			);
			path = PreworkTests;
			sourceTree = "<group>";
		};
		B13A90B1273A1FB7003DE67D /* PreworkUITests */ = {
			isa = PBXGroup;
			children = (
				B13A90B2273A1FB7003DE67D /* PreworkUITests.swift */,
				B13A90B4273A1FB7003DE67D /* Info.plist */,
			);
			path = PreworkUITests;
			sourceTree = "<group>";
		};
/* End PBXGroup section */

/* Begin PBXNativeTarget section */
		B13A908C273A1FAF003DE67D /* Prework */ = {
			isa = PBXNativeTarget;
			buildConfigurationList = B13A90B7273A1FB7003DE67D /* Build configuration list for PBXNativeTarget "Prework" */;
			buildPhases = (
				B13A9089273A1FAF003DE67D /* Sources */,
				B13A908A273A1FAF003DE67D /* Frameworks */,
				B13A908B273A1FAF003DE67D /* Resources */,
			);
			buildRules = (
			);
			dependencies = (
			);
			name = Prework;
			productName = Prework;
			productReference = B13A908D273A1FAF003DE67D /* Prework.app */;
			productType = "com.apple.product-type.application";
		};
		B13A90A2273A1FB7003DE67D /* PreworkTests */ = {
			isa = PBXNativeTarget;
			buildConfigurationList = B13A90BA273A1FB7003DE67D /* Build configuration list for PBXNativeTarget "PreworkTests" */;
			buildPhases = (
				B13A909F273A1FB7003DE67D /* Sources */,
				B13A90A0273A1FB7003DE67D /* Frameworks */,
				B13A90A1273A1FB7003DE67D /* Resources */,
			);
			buildRules = (
			);
			dependencies = (
				B13A90A5273A1FB7003DE67D /* PBXTargetDependency */,
			);
			name = PreworkTests;
			productName = PreworkTests;
			productReference = B13A90A3273A1FB7003DE67D /* PreworkTests.xctest */;
			productType = "com.apple.product-type.bundle.unit-test";
		};
		B13A90AD273A1FB7003DE67D /* PreworkUITests */ = {
			isa = PBXNativeTarget;
			buildConfigurationList = B13A90BD273A1FB7003DE67D /* Build configuration list for PBXNativeTarget "PreworkUITests" */;
			buildPhases = (
				B13A90AA273A1FB7003DE67D /* Sources */,
				B13A90AB273A1FB7003DE67D /* Frameworks */,
				B13A90AC273A1FB7003DE67D /* Resources */,
			);
			buildRules = (
			);
			dependencies = (
				B13A90B0273A1FB7003DE67D /* PBXTargetDependency */,
			);
			name = PreworkUITests;
			productName = PreworkUITests;
			productReference = B13A90AE273A1FB7003DE67D /* PreworkUITests.xctest */;
			productType = "com.apple.product-type.bundle.ui-testing";
		};
/* End PBXNativeTarget section */

/* Begin PBXProject section */
		B13A9085273A1FAF003DE67D /* Project object */ = {
			isa = PBXProject;
			attributes = {
				LastSwiftUpdateCheck = 1250;
				LastUpgradeCheck = 1250;
				TargetAttributes = {
					B13A908C273A1FAF003DE67D = {
						CreatedOnToolsVersion = 12.5.1;
					};
					B13A90A2273A1FB7003DE67D = {
						CreatedOnToolsVersion = 12.5.1;
						TestTargetID = B13A908C273A1FAF003DE67D;
					};
					B13A90AD273A1FB7003DE67D = {
						CreatedOnToolsVersion = 12.5.1;
						TestTargetID = B13A908C273A1FAF003DE67D;
					};
				};
			};
			buildConfigurationList = B13A9088273A1FAF003DE67D /* Build configuration list for PBXProject "Prework" */;
			compatibilityVersion = "Xcode 9.3";
			developmentRegion = en;
			hasScannedForEncodings = 0;
			knownRegions = (
				en,
				Base,
			);
			mainGroup = B13A9084273A1FAF003DE67D;
			productRefGroup = B13A908E273A1FAF003DE67D /* Products */;
			projectDirPath = "";
			projectRoot = "";
			targets = (
				B13A908C273A1FAF003DE67D /* Prework */,
				B13A90A2273A1FB7003DE67D /* PreworkTests */,
				B13A90AD273A1FB7003DE67D /* PreworkUITests */,
			);
		};
/* End PBXProject section */

/* Begin PBXResourcesBuildPhase section */
		B13A908B273A1FAF003DE67D /* Resources */ = {
			isa = PBXResourcesBuildPhase;
			buildActionMask = 2147483647;
			files = (
				B13A909D273A1FB7003DE67D /* LaunchScreen.storyboard in Resources */,
				B13A909A273A1FB7003DE67D /* Assets.xcassets in Resources */,
				B13A9098273A1FAF003DE67D /* Main.storyboard in Resources */,
			);
			runOnlyForDeploymentPostprocessing = 0;
		};
		B13A90A1273A1FB7003DE67D /* Resources */ = {
			isa = PBXResourcesBuildPhase;
			buildActionMask = 2147483647;
			files = (
			);
			runOnlyForDeploymentPostprocessing = 0;
		};
		B13A90AC273A1FB7003DE67D /* Resources */ = {
			isa = PBXResourcesBuildPhase;
			buildActionMask = 2147483647;
			files = (
			);
			runOnlyForDeploymentPostprocessing = 0;
		};
/* End PBXResourcesBuildPhase section */

/* Begin PBXSourcesBuildPhase section */
		B13A9089273A1FAF003DE67D /* Sources */ = {
			isa = PBXSourcesBuildPhase;
			buildActionMask = 2147483647;
			files = (
				B13A9095273A1FAF003DE67D /* ViewController.swift in Sources */,
				B13A9091273A1FAF003DE67D /* AppDelegate.swift in Sources */,
				B13A9093273A1FAF003DE67D /* SceneDelegate.swift in Sources */,
			);
			runOnlyForDeploymentPostprocessing = 0;
		};
		B13A909F273A1FB7003DE67D /* Sources */ = {
			isa = PBXSourcesBuildPhase;
			buildActionMask = 2147483647;
			files = (
				B13A90A8273A1FB7003DE67D /* PreworkTests.swift in Sources */,
			);
			runOnlyForDeploymentPostprocessing = 0;
		};
		B13A90AA273A1FB7003DE67D /* Sources */ = {
			isa = PBXSourcesBuildPhase;
			buildActionMask = 2147483647;
			files = (
				B13A90B3273A1FB7003DE67D /* PreworkUITests.swift in Sources */,
			);
			runOnlyForDeploymentPostprocessing = 0;
		};
/* End PBXSourcesBuildPhase section */

/* Begin PBXTargetDependency section */
		B13A90A5273A1FB7003DE67D /* PBXTargetDependency */ = {
			isa = PBXTargetDependency;
			target = B13A908C273A1FAF003DE67D /* Prework */;
			targetProxy = B13A90A4273A1FB7003DE67D /* PBXContainerItemProxy */;
		};
		B13A90B0273A1FB7003DE67D /* PBXTargetDependency */ = {
			isa = PBXTargetDependency;
			target = B13A908C273A1FAF003DE67D /* Prework */;
			targetProxy = B13A90AF273A1FB7003DE67D /* PBXContainerItemProxy */;
		};
/* End PBXTargetDependency section */

/* Begin PBXVariantGroup section */
		B13A9096273A1FAF003DE67D /* Main.storyboard */ = {
			isa = PBXVariantGroup;
			children = (
				B13A9097273A1FAF003DE67D /* Base */,
			);
			name = Main.storyboard;
			sourceTree = "<group>";
		};
		B13A909B273A1FB7003DE67D /* LaunchScreen.storyboard */ = {
			isa = PBXVariantGroup;
			children = (
				B13A909C273A1FB7003DE67D /* Base */,
			);
			name = LaunchScreen.storyboard;
			sourceTree = "<group>";
		};
/* End PBXVariantGroup section */

/* Begin XCBuildConfiguration section */
		B13A90B5273A1FB7003DE67D /* Debug */ = {
			isa = XCBuildConfiguration;
			buildSettings = {
				ALWAYS_SEARCH_USER_PATHS = NO;
				CLANG_ANALYZER_NONNULL = YES;
				CLANG_ANALYZER_NUMBER_OBJECT_CONVERSION = YES_AGGRESSIVE;
				CLANG_CXX_LANGUAGE_STANDARD = "gnu++14";
				CLANG_CXX_LIBRARY = "libc++";
				CLANG_ENABLE_MODULES = YES;
				CLANG_ENABLE_OBJC_ARC = YES;
				CLANG_ENABLE_OBJC_WEAK = YES;
				CLANG_WARN_BLOCK_CAPTURE_AUTORELEASING = YES;
				CLANG_WARN_BOOL_CONVERSION = YES;
				CLANG_WARN_COMMA = YES;
				CLANG_WARN_CONSTANT_CONVERSION = YES;
				CLANG_WARN_DEPRECATED_OBJC_IMPLEMENTATIONS = YES;
				CLANG_WARN_DIRECT_OBJC_ISA_USAGE = YES_ERROR;
				CLANG_WARN_DOCUMENTATION_COMMENTS = YES;
				CLANG_WARN_EMPTY_BODY = YES;
				CLANG_WARN_ENUM_CONVERSION = YES;
				CLANG_WARN_INFINITE_RECURSION = YES;
				CLANG_WARN_INT_CONVERSION = YES;
				CLANG_WARN_NON_LITERAL_NULL_CONVERSION = YES;
				CLANG_WARN_OBJC_IMPLICIT_RETAIN_SELF = YES;
				CLANG_WARN_OBJC_LITERAL_CONVERSION = YES;
				CLANG_WARN_OBJC_ROOT_CLASS = YES_ERROR;
				CLANG_WARN_QUOTED_INCLUDE_IN_FRAMEWORK_HEADER = YES;
				CLANG_WARN_RANGE_LOOP_ANALYSIS = YES;
				CLANG_WARN_STRICT_PROTOTYPES = YES;
				CLANG_WARN_SUSPICIOUS_MOVE = YES;
				CLANG_WARN_UNGUARDED_AVAILABILITY = YES_AGGRESSIVE;
				CLANG_WARN_UNREACHABLE_CODE = YES;
				CLANG_WARN__DUPLICATE_METHOD_MATCH = YES;
				COPY_PHASE_STRIP = NO;
				DEBUG_INFORMATION_FORMAT = dwarf;
				ENABLE_STRICT_OBJC_MSGSEND = YES;
				ENABLE_TESTABILITY = YES;
				GCC_C_LANGUAGE_STANDARD = gnu11;
				GCC_DYNAMIC_NO_PIC = NO;
				GCC_NO_COMMON_BLOCKS = YES;
				GCC_OPTIMIZATION_LEVEL = 0;
				GCC_PREPROCESSOR_DEFINITIONS = (
					"DEBUG=1",
					"$(inherited)",
				);
				GCC_WARN_64_TO_32_BIT_CONVERSION = YES;
				GCC_WARN_ABOUT_RETURN_TYPE = YES_ERROR;
				GCC_WARN_UNDECLARED_SELECTOR = YES;
				GCC_WARN_UNINITIALIZED_AUTOS = YES_AGGRESSIVE;
				GCC_WARN_UNUSED_FUNCTION = YES;
				GCC_WARN_UNUSED_VARIABLE = YES;
				IPHONEOS_DEPLOYMENT_TARGET = 14.5;
				MTL_ENABLE_DEBUG_INFO = INCLUDE_SOURCE;
				MTL_FAST_MATH = YES;
				ONLY_ACTIVE_ARCH = YES;
				SDKROOT = iphoneos;
				SWIFT_ACTIVE_COMPILATION_CONDITIONS = DEBUG;
				SWIFT_OPTIMIZATION_LEVEL = "-Onone";
			};
			name = Debug;
		};
		B13A90B6273A1FB7003DE67D /* Release */ = {
			isa = XCBuildConfiguration;
			buildSettings = {
				ALWAYS_SEARCH_USER_PATHS = NO;
				CLANG_ANALYZER_NONNULL = YES;
				CLANG_ANALYZER_NUMBER_OBJECT_CONVERSION = YES_AGGRESSIVE;
				CLANG_CXX_LANGUAGE_STANDARD = "gnu++14";
				CLANG_CXX_LIBRARY = "libc++";
				CLANG_ENABLE_MODULES = YES;
				CLANG_ENABLE_OBJC_ARC = YES;
				CLANG_ENABLE_OBJC_WEAK = YES;
				CLANG_WARN_BLOCK_CAPTURE_AUTORELEASING = YES;
				CLANG_WARN_BOOL_CONVERSION = YES;
				CLANG_WARN_COMMA = YES;
				CLANG_WARN_CONSTANT_CONVERSION = YES;
				CLANG_WARN_DEPRECATED_OBJC_IMPLEMENTATIONS = YES;
				CLANG_WARN_DIRECT_OBJC_ISA_USAGE = YES_ERROR;
				CLANG_WARN_DOCUMENTATION_COMMENTS = YES;
				CLANG_WARN_EMPTY_BODY = YES;
				CLANG_WARN_ENUM_CONVERSION = YES;
				CLANG_WARN_INFINITE_RECURSION = YES;
				CLANG_WARN_INT_CONVERSION = YES;
				CLANG_WARN_NON_LITERAL_NULL_CONVERSION = YES;
				CLANG_WARN_OBJC_IMPLICIT_RETAIN_SELF = YES;
				CLANG_WARN_OBJC_LITERAL_CONVERSION = YES;
				CLANG_WARN_OBJC_ROOT_CLASS = YES_ERROR;
				CLANG_WARN_QUOTED_INCLUDE_IN_FRAMEWORK_HEADER = YES;
				CLANG_WARN_RANGE_LOOP_ANALYSIS = YES;
				CLANG_WARN_STRICT_PROTOTYPES = YES;
				CLANG_WARN_SUSPICIOUS_MOVE = YES;
				CLANG_WARN_UNGUARDED_AVAILABILITY = YES_AGGRESSIVE;
				CLANG_WARN_UNREACHABLE_CODE = YES;
				CLANG_WARN__DUPLICATE_METHOD_MATCH = YES;
				COPY_PHASE_STRIP = NO;
				DEBUG_INFORMATION_FORMAT = "dwarf-with-dsym";
				ENABLE_NS_ASSERTIONS = NO;
				ENABLE_STRICT_OBJC_MSGSEND = YES;
				GCC_C_LANGUAGE_STANDARD = gnu11;
				GCC_NO_COMMON_BLOCKS = YES;
				GCC_WARN_64_TO_32_BIT_CONVERSION = YES;
				GCC_WARN_ABOUT_RETURN_TYPE = YES_ERROR;
				GCC_WARN_UNDECLARED_SELECTOR = YES;
				GCC_WARN_UNINITIALIZED_AUTOS = YES_AGGRESSIVE;
				GCC_WARN_UNUSED_FUNCTION = YES;
				GCC_WARN_UNUSED_VARIABLE = YES;
				IPHONEOS_DEPLOYMENT_TARGET = 14.5;
				MTL_ENABLE_DEBUG_INFO = NO;
				MTL_FAST_MATH = YES;
				SDKROOT = iphoneos;
				SWIFT_COMPILATION_MODE = wholemodule;
				SWIFT_OPTIMIZATION_LEVEL = "-O";
				VALIDATE_PRODUCT = YES;
			};
			name = Release;
		};
		B13A90B8273A1FB7003DE67D /* Debug */ = {
			isa = XCBuildConfiguration;
			buildSettings = {
				ASSETCATALOG_COMPILER_APPICON_NAME = AppIcon;
				ASSETCATALOG_COMPILER_GLOBAL_ACCENT_COLOR_NAME = AccentColor;
				CODE_SIGN_STYLE = Automatic;
				INFOPLIST_FILE = Prework/Info.plist;
				LD_RUNPATH_SEARCH_PATHS = (
					"$(inherited)",
					"@executable_path/Frameworks",
				);
				PRODUCT_BUNDLE_IDENTIFIER = EmmaJin.Prework;
				PRODUCT_NAME = "$(TARGET_NAME)";
				SWIFT_VERSION = 5.0;
				TARGETED_DEVICE_FAMILY = "1,2";
			};
			name = Debug;
		};
		B13A90B9273A1FB7003DE67D /* Release */ = {
			isa = XCBuildConfiguration;
			buildSettings = {
				ASSETCATALOG_COMPILER_APPICON_NAME = AppIcon;
				ASSETCATALOG_COMPILER_GLOBAL_ACCENT_COLOR_NAME = AccentColor;
				CODE_SIGN_STYLE = Automatic;
				INFOPLIST_FILE = Prework/Info.plist;
				LD_RUNPATH_SEARCH_PATHS = (
					"$(inherited)",
					"@executable_path/Frameworks",
				);
				PRODUCT_BUNDLE_IDENTIFIER = EmmaJin.Prework;
				PRODUCT_NAME = "$(TARGET_NAME)";
				SWIFT_VERSION = 5.0;
				TARGETED_DEVICE_FAMILY = "1,2";
			};
			name = Release;
		};
		B13A90BB273A1FB7003DE67D /* Debug */ = {
			isa = XCBuildConfiguration;
			buildSettings = {
				ALWAYS_EMBED_SWIFT_STANDARD_LIBRARIES = YES;
				BUNDLE_LOADER = "$(TEST_HOST)";
				CODE_SIGN_STYLE = Automatic;
				INFOPLIST_FILE = PreworkTests/Info.plist;
				IPHONEOS_DEPLOYMENT_TARGET = 14.5;
				LD_RUNPATH_SEARCH_PATHS = (
					"$(inherited)",
					"@executable_path/Frameworks",
					"@loader_path/Frameworks",
				);
				PRODUCT_BUNDLE_IDENTIFIER = EmmaJin.PreworkTests;
				PRODUCT_NAME = "$(TARGET_NAME)";
				SWIFT_VERSION = 5.0;
				TARGETED_DEVICE_FAMILY = "1,2";
				TEST_HOST = "$(BUILT_PRODUCTS_DIR)/Prework.app/Prework";
			};
			name = Debug;
		};
		B13A90BC273A1FB7003DE67D /* Release */ = {
			isa = XCBuildConfiguration;
			buildSettings = {
				ALWAYS_EMBED_SWIFT_STANDARD_LIBRARIES = YES;
				BUNDLE_LOADER = "$(TEST_HOST)";
				CODE_SIGN_STYLE = Automatic;
				INFOPLIST_FILE = PreworkTests/Info.plist;
				IPHONEOS_DEPLOYMENT_TARGET = 14.5;
				LD_RUNPATH_SEARCH_PATHS = (
					"$(inherited)",
					"@executable_path/Frameworks",
					"@loader_path/Frameworks",
				);
				PRODUCT_BUNDLE_IDENTIFIER = EmmaJin.PreworkTests;
				PRODUCT_NAME = "$(TARGET_NAME)";
				SWIFT_VERSION = 5.0;
				TARGETED_DEVICE_FAMILY = "1,2";
				TEST_HOST = "$(BUILT_PRODUCTS_DIR)/Prework.app/Prework";
			};
			name = Release;
		};
		B13A90BE273A1FB7003DE67D /* Debug */ = {
			isa = XCBuildConfiguration;
			buildSettings = {
				ALWAYS_EMBED_SWIFT_STANDARD_LIBRARIES = YES;
				CODE_SIGN_STYLE = Automatic;
				INFOPLIST_FILE = PreworkUITests/Info.plist;
				LD_RUNPATH_SEARCH_PATHS = (
					"$(inherited)",
					"@executable_path/Frameworks",
					"@loader_path/Frameworks",
				);
				PRODUCT_BUNDLE_IDENTIFIER = EmmaJin.PreworkUITests;
				PRODUCT_NAME = "$(TARGET_NAME)";
				SWIFT_VERSION = 5.0;
				TARGETED_DEVICE_FAMILY = "1,2";
				TEST_TARGET_NAME = Prework;
			};
			name = Debug;
		};
		B13A90BF273A1FB7003DE67D /* Release */ = {
			isa = XCBuildConfiguration;
			buildSettings = {
				ALWAYS_EMBED_SWIFT_STANDARD_LIBRARIES = YES;
				CODE_SIGN_STYLE = Automatic;
				INFOPLIST_FILE = PreworkUITests/Info.plist;
				LD_RUNPATH_SEARCH_PATHS = (
					"$(inherited)",
					"@executable_path/Frameworks",
					"@loader_path/Frameworks",
				);
				PRODUCT_BUNDLE_IDENTIFIER = EmmaJin.PreworkUITests;
				PRODUCT_NAME = "$(TARGET_NAME)";
				SWIFT_VERSION = 5.0;
				TARGETED_DEVICE_FAMILY = "1,2";
				TEST_TARGET_NAME = Prework;
			};
			name = Release;
		};
/* End XCBuildConfiguration section */

/* Begin XCConfigurationList section */
		B13A9088273A1FAF003DE67D /* Build configuration list for PBXProject "Prework" */ = {
			isa = XCConfigurationList;
			buildConfigurations = (
				B13A90B5273A1FB7003DE67D /* Debug */,
				B13A90B6273A1FB7003DE67D /* Release */,
			);
			defaultConfigurationIsVisible = 0;
			defaultConfigurationName = Release;
		};
		B13A90B7273A1FB7003DE67D /* Build configuration list for PBXNativeTarget "Prework" */ = {
			isa = XCConfigurationList;
			buildConfigurations = (
				B13A90B8273A1FB7003DE67D /* Debug */,
				B13A90B9273A1FB7003DE67D /* Release */,
			);
			defaultConfigurationIsVisible = 0;
			defaultConfigurationName = Release;
		};
		B13A90BA273A1FB7003DE67D /* Build configuration list for PBXNativeTarget "PreworkTests" */ = {
			isa = XCConfigurationList;
			buildConfigurations = (
				B13A90BB273A1FB7003DE67D /* Debug */,
				B13A90BC273A1FB7003DE67D /* Release */,
			);
			defaultConfigurationIsVisible = 0;
			defaultConfigurationName = Release;
		};
		B13A90BD273A1FB7003DE67D /* Build configuration list for PBXNativeTarget "PreworkUITests" */ = {
			isa = XCConfigurationList;
			buildConfigurations = (
				B13A90BE273A1FB7003DE67D /* Debug */,
				B13A90BF273A1FB7003DE67D /* Release */,
			);
			defaultConfigurationIsVisible = 0;
			defaultConfigurationName = Release;
		};
/* End XCConfigurationList section */
	};
	rootObject = B13A9085273A1FAF003DE67D /* Project object */;
}
